# Generated by pub
# See https://dart.dev/tools/pub/glossary#lockfile
packages:
  _fe_analyzer_shared:
    dependency: transitive
    description:
      name: _fe_analyzer_shared
      url: "https://pub.dartlang.org"
    source: hosted
    version: "47.0.0"
  _flutterfire_internals:
    dependency: transitive
    description:
      name: _flutterfire_internals
      url: "https://pub.dartlang.org"
    source: hosted
    version: "1.0.1"
  analyzer:
    dependency: transitive
    description:
      name: analyzer
      url: "https://pub.dartlang.org"
    source: hosted
    version: "4.7.0"
  archive:
    dependency: transitive
    description:
      name: archive
      url: "https://pub.dartlang.org"
    source: hosted
    version: "3.3.0"
  args:
    dependency: transitive
    description:
      name: args
      url: "https://pub.dartlang.org"
    source: hosted
    version: "2.3.1"
  async:
    dependency: transitive
    description:
      name: async
      url: "https://pub.dartlang.org"
    source: hosted
    version: "2.9.0"
  aves_map:
    dependency: "direct main"
    description:
      path: "plugins/aves_map"
      relative: true
    source: path
    version: "0.0.1"
  aves_report:
    dependency: "direct main"
    description:
      path: "plugins/aves_report"
      relative: true
    source: path
    version: "0.0.1"
  aves_report_platform:
    dependency: "direct main"
    description:
      path: "plugins/aves_report_crashlytics"
      relative: true
    source: path
    version: "0.0.1"
  aves_services:
    dependency: "direct main"
    description:
      path: "plugins/aves_services"
      relative: true
    source: path
    version: "0.0.1"
  aves_services_platform:
    dependency: "direct main"
    description:
      path: "plugins/aves_services_google"
      relative: true
    source: path
    version: "0.0.1"
  barcode:
    dependency: transitive
    description:
      name: barcode
      url: "https://pub.dartlang.org"
    source: hosted
    version: "2.2.3"
  boolean_selector:
    dependency: transitive
    description:
      name: boolean_selector
      url: "https://pub.dartlang.org"
    source: hosted
    version: "2.1.0"
  characters:
    dependency: transitive
    description:
      name: characters
      url: "https://pub.dartlang.org"
    source: hosted
    version: "1.2.1"
  charts_common:
    dependency: transitive
    description:
      name: charts_common
      url: "https://pub.dartlang.org"
    source: hosted
    version: "0.12.0"
  charts_flutter:
    dependency: "direct main"
    description:
      name: charts_flutter
      url: "https://pub.dartlang.org"
    source: hosted
    version: "0.12.0"
  clock:
    dependency: transitive
    description:
      name: clock
      url: "https://pub.dartlang.org"
    source: hosted
    version: "1.1.1"
  cloud_firestore_platform_interface:
    dependency: transitive
    description:
      name: cloud_firestore_platform_interface
      url: "https://pub.dartlang.org"
    source: hosted
    version: "5.7.6"
  cloud_firestore_web:
    dependency: transitive
    description:
      name: cloud_firestore_web
      url: "https://pub.dartlang.org"
    source: hosted
    version: "2.8.9"
  collection:
    dependency: "direct main"
    description:
      name: collection
      url: "https://pub.dartlang.org"
    source: hosted
    version: "1.16.0"
  connectivity_plus:
    dependency: "direct main"
    description:
      name: connectivity_plus
      url: "https://pub.dartlang.org"
    source: hosted
    version: "2.3.8"
  connectivity_plus_linux:
    dependency: transitive
    description:
      name: connectivity_plus_linux
      url: "https://pub.dartlang.org"
    source: hosted
    version: "1.3.1"
  connectivity_plus_macos:
    dependency: transitive
    description:
      name: connectivity_plus_macos
      url: "https://pub.dartlang.org"
    source: hosted
    version: "1.2.6"
  connectivity_plus_platform_interface:
    dependency: transitive
    description:
      name: connectivity_plus_platform_interface
      url: "https://pub.dartlang.org"
    source: hosted
    version: "1.2.1"
  connectivity_plus_web:
    dependency: transitive
    description:
      name: connectivity_plus_web
      url: "https://pub.dartlang.org"
    source: hosted
    version: "1.2.4"
  connectivity_plus_windows:
    dependency: transitive
    description:
      name: connectivity_plus_windows
      url: "https://pub.dartlang.org"
    source: hosted
    version: "1.2.2"
  convert:
    dependency: transitive
    description:
      name: convert
      url: "https://pub.dartlang.org"
    source: hosted
    version: "3.0.2"
  country_code:
    dependency: "direct main"
    description:
      name: country_code
      url: "https://pub.dartlang.org"
    source: hosted
    version: "1.0.0"
  coverage:
    dependency: transitive
    description:
      name: coverage
      url: "https://pub.dartlang.org"
    source: hosted
    version: "1.5.0"
  crypto:
    dependency: transitive
    description:
      name: crypto
      url: "https://pub.dartlang.org"
    source: hosted
    version: "3.0.2"
  custom_rounded_rectangle_border:
    dependency: transitive
    description:
      name: custom_rounded_rectangle_border
      url: "https://pub.dartlang.org"
    source: hosted
    version: "0.2.0-nullsafety.0"
  dbus:
    dependency: transitive
    description:
      name: dbus
      url: "https://pub.dartlang.org"
    source: hosted
    version: "0.7.8"
  decorated_icon:
    dependency: "direct main"
    description:
      name: decorated_icon
      url: "https://pub.dartlang.org"
    source: hosted
    version: "1.2.1"
  device_info_plus:
    dependency: "direct main"
    description:
      name: device_info_plus
      url: "https://pub.dartlang.org"
    source: hosted
    version: "5.0.1"
  device_info_plus_linux:
    dependency: transitive
    description:
      name: device_info_plus_linux
      url: "https://pub.dartlang.org"
    source: hosted
    version: "4.0.0"
  device_info_plus_macos:
    dependency: transitive
    description:
      name: device_info_plus_macos
      url: "https://pub.dartlang.org"
    source: hosted
    version: "4.0.0"
  device_info_plus_platform_interface:
    dependency: transitive
    description:
      name: device_info_plus_platform_interface
      url: "https://pub.dartlang.org"
    source: hosted
    version: "4.0.0"
  device_info_plus_web:
    dependency: transitive
    description:
      name: device_info_plus_web
      url: "https://pub.dartlang.org"
    source: hosted
    version: "4.0.0"
  device_info_plus_windows:
    dependency: transitive
    description:
      name: device_info_plus_windows
      url: "https://pub.dartlang.org"
    source: hosted
    version: "5.0.0"
  dynamic_color:
    dependency: "direct main"
    description:
      name: dynamic_color
      url: "https://pub.dartlang.org"
    source: hosted
    version: "1.5.4"
  equatable:
    dependency: "direct main"
    description:
      name: equatable
      url: "https://pub.dartlang.org"
    source: hosted
    version: "2.0.5"
  event_bus:
    dependency: "direct main"
    description:
      name: event_bus
      url: "https://pub.dartlang.org"
    source: hosted
    version: "2.0.0"
  expansion_tile_card:
    dependency: "direct main"
    description:
      path: "."
      ref: HEAD
      resolved-ref: e0380a550c4be0ef52a70f398c2211fc503094e8
      url: "https://github.com/deckerst/expansion_tile_card.git"
    source: git
    version: "2.0.0"
  fake_async:
    dependency: transitive
    description:
      name: fake_async
      url: "https://pub.dartlang.org"
    source: hosted
    version: "1.3.1"
  ffi:
    dependency: transitive
    description:
      name: ffi
      url: "https://pub.dartlang.org"
    source: hosted
    version: "2.0.1"
  fijkplayer:
    dependency: "direct main"
    description:
      path: "."
      ref: aves
      resolved-ref: "2aa0f5f08135de00966e9b71e58cddb61f93e81c"
      url: "https://github.com/deckerst/fijkplayer.git"
    source: git
    version: "0.10.0"
  file:
    dependency: transitive
    description:
      name: file
      url: "https://pub.dartlang.org"
    source: hosted
    version: "6.1.2"
  firebase_core:
    dependency: transitive
    description:
      name: firebase_core
      url: "https://pub.dartlang.org"
    source: hosted
    version: "1.24.0"
  firebase_core_platform_interface:
    dependency: transitive
    description:
      name: firebase_core_platform_interface
      url: "https://pub.dartlang.org"
    source: hosted
    version: "4.5.1"
  firebase_core_web:
    dependency: transitive
    description:
      name: firebase_core_web
      url: "https://pub.dartlang.org"
    source: hosted
    version: "1.7.3"
  firebase_crashlytics:
    dependency: transitive
    description:
      name: firebase_crashlytics
      url: "https://pub.dartlang.org"
    source: hosted
    version: "2.8.12"
  firebase_crashlytics_platform_interface:
    dependency: transitive
    description:
      name: firebase_crashlytics_platform_interface
      url: "https://pub.dartlang.org"
    source: hosted
    version: "3.2.18"
  flex_color_picker:
    dependency: "direct main"
    description:
      name: flex_color_picker
      url: "https://pub.dartlang.org"
    source: hosted
    version: "2.6.1"
  flex_seed_scheme:
    dependency: transitive
    description:
      name: flex_seed_scheme
      url: "https://pub.dartlang.org"
    source: hosted
    version: "1.0.1"
  fluster:
    dependency: "direct main"
    description:
      name: fluster
      url: "https://pub.dartlang.org"
    source: hosted
    version: "1.2.0"
  flutter:
    dependency: "direct main"
    description: flutter
    source: sdk
    version: "0.0.0"
  flutter_cube:
    dependency: transitive
    description:
      name: flutter_cube
      url: "https://pub.dartlang.org"
    source: hosted
    version: "0.1.1"
  flutter_displaymode:
    dependency: "direct main"
    description:
      name: flutter_displaymode
      url: "https://pub.dartlang.org"
    source: hosted
    version: "0.4.0"
  flutter_driver:
    dependency: "direct dev"
    description: flutter
    source: sdk
    version: "0.0.0"
  flutter_highlight:
    dependency: "direct main"
    description:
      name: flutter_highlight
      url: "https://pub.dartlang.org"
    source: hosted
    version: "0.7.0"
  flutter_lints:
    dependency: "direct dev"
    description:
      name: flutter_lints
      url: "https://pub.dartlang.org"
    source: hosted
    version: "2.0.1"
  flutter_localizations:
    dependency: "direct main"
    description: flutter
    source: sdk
    version: "0.0.0"
  flutter_map:
    dependency: "direct main"
    description:
      name: flutter_map
      url: "https://pub.dartlang.org"
    source: hosted
    version: "3.0.0"
  flutter_markdown:
    dependency: "direct main"
    description:
      name: flutter_markdown
      url: "https://pub.dartlang.org"
    source: hosted
    version: "0.6.12"
  flutter_plugin_android_lifecycle:
    dependency: transitive
    description:
      name: flutter_plugin_android_lifecycle
      url: "https://pub.dartlang.org"
    source: hosted
    version: "2.0.7"
  flutter_staggered_animations:
    dependency: "direct main"
    description:
      name: flutter_staggered_animations
      url: "https://pub.dartlang.org"
    source: hosted
    version: "1.1.1"
  flutter_test:
    dependency: "direct dev"
    description: flutter
    source: sdk
    version: "0.0.0"
  flutter_web_plugins:
    dependency: transitive
    description: flutter
    source: sdk
    version: "0.0.0"
  frontend_server_client:
    dependency: transitive
    description:
      name: frontend_server_client
      url: "https://pub.dartlang.org"
    source: hosted
    version: "2.1.3"
  fuchsia_remote_debug_protocol:
    dependency: transitive
    description: flutter
    source: sdk
    version: "0.0.0"
  get_it:
    dependency: "direct main"
    description:
      name: get_it
      url: "https://pub.dartlang.org"
    source: hosted
    version: "7.2.0"
  glob:
    dependency: transitive
    description:
      name: glob
      url: "https://pub.dartlang.org"
    source: hosted
    version: "2.1.0"
  google_api_availability:
    dependency: transitive
    description:
      name: google_api_availability
      url: "https://pub.dartlang.org"
    source: hosted
    version: "3.0.1"
  google_maps_flutter:
    dependency: transitive
    description:
      name: google_maps_flutter
      url: "https://pub.dartlang.org"
    source: hosted
    version: "2.2.1"
  google_maps_flutter_android:
    dependency: transitive
    description:
      name: google_maps_flutter_android
      url: "https://pub.dartlang.org"
    source: hosted
    version: "2.3.2"
  google_maps_flutter_ios:
    dependency: transitive
    description:
      name: google_maps_flutter_ios
      url: "https://pub.dartlang.org"
    source: hosted
    version: "2.1.12"
  google_maps_flutter_platform_interface:
    dependency: transitive
    description:
      name: google_maps_flutter_platform_interface
      url: "https://pub.dartlang.org"
    source: hosted
    version: "2.2.4"
  highlight:
    dependency: transitive
    description:
      name: highlight
      url: "https://pub.dartlang.org"
    source: hosted
    version: "0.7.0"
  http:
    dependency: transitive
    description:
      name: http
      url: "https://pub.dartlang.org"
    source: hosted
    version: "0.13.5"
  http_multi_server:
    dependency: transitive
    description:
      name: http_multi_server
      url: "https://pub.dartlang.org"
    source: hosted
    version: "3.2.1"
  http_parser:
    dependency: transitive
    description:
      name: http_parser
      url: "https://pub.dartlang.org"
    source: hosted
    version: "4.0.1"
  image:
    dependency: transitive
    description:
      name: image
      url: "https://pub.dartlang.org"
    source: hosted
    version: "3.2.0"
  intl:
    dependency: "direct main"
    description:
      name: intl
      url: "https://pub.dartlang.org"
    source: hosted
    version: "0.17.0"
  io:
    dependency: transitive
    description:
      name: io
      url: "https://pub.dartlang.org"
    source: hosted
    version: "1.0.3"
  js:
    dependency: transitive
    description:
      name: js
      url: "https://pub.dartlang.org"
    source: hosted
    version: "0.6.4"
  latlong2:
    dependency: "direct main"
    description:
      name: latlong2
      url: "https://pub.dartlang.org"
    source: hosted
    version: "0.8.1"
  lints:
    dependency: transitive
    description:
      name: lints
      url: "https://pub.dartlang.org"
    source: hosted
    version: "2.0.0"
  lists:
    dependency: transitive
    description:
      name: lists
      url: "https://pub.dartlang.org"
    source: hosted
    version: "1.0.1"
  logging:
    dependency: transitive
    description:
      name: logging
      url: "https://pub.dartlang.org"
    source: hosted
    version: "1.0.2"
  markdown:
    dependency: transitive
    description:
      name: markdown
      url: "https://pub.dartlang.org"
    source: hosted
    version: "6.0.1"
  matcher:
    dependency: transitive
    description:
      name: matcher
      url: "https://pub.dartlang.org"
    source: hosted
    version: "0.12.12"
  material_color_utilities:
    dependency: "direct main"
    description:
      name: material_color_utilities
      url: "https://pub.dartlang.org"
    source: hosted
    version: "0.1.5"
  material_design_icons_flutter:
    dependency: "direct main"
    description:
      name: material_design_icons_flutter
      url: "https://pub.dartlang.org"
    source: hosted
    version: "5.0.6996"
  meta:
    dependency: transitive
    description:
      name: meta
      url: "https://pub.dartlang.org"
    source: hosted
    version: "1.8.0"
  mgrs_dart:
    dependency: transitive
    description:
      name: mgrs_dart
      url: "https://pub.dartlang.org"
    source: hosted
    version: "2.0.0"
  mime:
    dependency: transitive
    description:
      name: mime
      url: "https://pub.dartlang.org"
    source: hosted
    version: "1.0.2"
  motion_sensors:
    dependency: transitive
    description:
      path: "."
      ref: aves
      resolved-ref: "0bf47932242dea4f93f51be0f6bfa3d9e5616c31"
      url: "https://github.com/deckerst/aves_panorama_motion_sensors.git"
    source: git
    version: "0.1.0"
  nested:
    dependency: transitive
    description:
      name: nested
      url: "https://pub.dartlang.org"
    source: hosted
    version: "1.0.0"
  nm:
    dependency: transitive
    description:
      name: nm
      url: "https://pub.dartlang.org"
    source: hosted
    version: "0.5.0"
  node_preamble:
    dependency: transitive
    description:
      name: node_preamble
      url: "https://pub.dartlang.org"
    source: hosted
    version: "2.0.1"
  overlay_support:
    dependency: "direct main"
    description:
      name: overlay_support
      url: "https://pub.dartlang.org"
    source: hosted
    version: "2.0.1"
  package_config:
    dependency: transitive
    description:
      name: package_config
      url: "https://pub.dartlang.org"
    source: hosted
    version: "2.1.0"
  package_info_plus:
    dependency: "direct main"
    description:
      name: package_info_plus
      url: "https://pub.dartlang.org"
    source: hosted
    version: "1.4.3+1"
  package_info_plus_linux:
    dependency: transitive
    description:
      name: package_info_plus_linux
      url: "https://pub.dartlang.org"
    source: hosted
    version: "1.0.5"
  package_info_plus_macos:
    dependency: transitive
    description:
      name: package_info_plus_macos
      url: "https://pub.dartlang.org"
    source: hosted
    version: "1.3.0"
  package_info_plus_platform_interface:
    dependency: transitive
    description:
      name: package_info_plus_platform_interface
      url: "https://pub.dartlang.org"
    source: hosted
    version: "1.0.2"
  package_info_plus_web:
    dependency: transitive
    description:
      name: package_info_plus_web
      url: "https://pub.dartlang.org"
    source: hosted
    version: "1.0.6"
  package_info_plus_windows:
    dependency: transitive
    description:
      name: package_info_plus_windows
      url: "https://pub.dartlang.org"
    source: hosted
    version: "2.1.0"
  palette_generator:
    dependency: "direct main"
    description:
      name: palette_generator
      url: "https://pub.dartlang.org"
    source: hosted
    version: "0.3.3+2"
  panorama:
    dependency: "direct main"
    description:
      path: "."
      ref: aves
      resolved-ref: "47442e5102a8bdf5e756d6dfab60108b73d132f0"
      url: "https://github.com/deckerst/aves_panorama.git"
    source: git
    version: "0.4.1"
  path:
    dependency: "direct main"
    description:
      name: path
      url: "https://pub.dartlang.org"
    source: hosted
    version: "1.8.2"
  path_parsing:
    dependency: transitive
    description:
      name: path_parsing
      url: "https://pub.dartlang.org"
    source: hosted
    version: "1.0.1"
  path_provider_linux:
    dependency: transitive
    description:
      name: path_provider_linux
      url: "https://pub.dartlang.org"
    source: hosted
    version: "2.1.7"
  path_provider_platform_interface:
    dependency: transitive
    description:
      name: path_provider_platform_interface
      url: "https://pub.dartlang.org"
    source: hosted
    version: "2.0.5"
  path_provider_windows:
    dependency: transitive
    description:
      name: path_provider_windows
      url: "https://pub.dartlang.org"
    source: hosted
    version: "2.1.3"
  pdf:
    dependency: "direct main"
    description:
      name: pdf
      url: "https://pub.dartlang.org"
    source: hosted
    version: "3.8.3"
  percent_indicator:
    dependency: "direct main"
    description:
      name: percent_indicator
      url: "https://pub.dartlang.org"
    source: hosted
    version: "4.2.2"
  permission_handler:
    dependency: "direct main"
    description:
      name: permission_handler
      url: "https://pub.dartlang.org"
    source: hosted
    version: "10.1.0"
  permission_handler_android:
    dependency: "direct overridden"
    description:
      path: permission_handler_android
      ref: HEAD
      resolved-ref: "279cf44656272c6b89c73b16097108f3c973c31f"
      url: "https://github.com/deckerst/flutter-permission-handler"
    source: git
    version: "9.0.2+1"
  permission_handler_apple:
    dependency: transitive
    description:
      name: permission_handler_apple
      url: "https://pub.dartlang.org"
    source: hosted
    version: "9.0.6"
  permission_handler_platform_interface:
    dependency: transitive
    description:
      name: permission_handler_platform_interface
      url: "https://pub.dartlang.org"
    source: hosted
    version: "3.8.0"
  permission_handler_windows:
    dependency: transitive
    description:
      name: permission_handler_windows
      url: "https://pub.dartlang.org"
    source: hosted
    version: "0.1.1"
  petitparser:
    dependency: transitive
    description:
      name: petitparser
      url: "https://pub.dartlang.org"
    source: hosted
    version: "5.0.0"
  platform:
    dependency: transitive
    description:
      name: platform
      url: "https://pub.dartlang.org"
    source: hosted
    version: "3.1.0"
  plugin_platform_interface:
    dependency: transitive
    description:
      name: plugin_platform_interface
      url: "https://pub.dartlang.org"
    source: hosted
    version: "2.1.3"
  polylabel:
    dependency: transitive
    description:
      name: polylabel
      url: "https://pub.dartlang.org"
    source: hosted
    version: "1.0.1"
  pool:
    dependency: transitive
    description:
      name: pool
      url: "https://pub.dartlang.org"
    source: hosted
    version: "1.5.1"
  positioned_tap_detector_2:
    dependency: transitive
    description:
      name: positioned_tap_detector_2
      url: "https://pub.dartlang.org"
    source: hosted
    version: "1.0.4"
  printing:
    dependency: "direct main"
    description:
      name: printing
      url: "https://pub.dartlang.org"
    source: hosted
    version: "5.9.3"
  process:
    dependency: transitive
    description:
      name: process
      url: "https://pub.dartlang.org"
    source: hosted
    version: "4.2.4"
  proj4dart:
    dependency: "direct main"
    description:
      name: proj4dart
      url: "https://pub.dartlang.org"
    source: hosted
    version: "2.1.0"
  provider:
    dependency: "direct main"
    description:
      name: provider
      url: "https://pub.dartlang.org"
    source: hosted
    version: "6.0.3"
  pub_semver:
    dependency: transitive
    description:
      name: pub_semver
      url: "https://pub.dartlang.org"
    source: hosted
    version: "2.1.1"
  qr:
    dependency: transitive
    description:
      name: qr
      url: "https://pub.dartlang.org"
    source: hosted
    version: "3.0.1"
  quiver:
    dependency: transitive
    description:
      name: quiver
      url: "https://pub.dartlang.org"
    source: hosted
    version: "3.1.0"
  screen_brightness:
    dependency: "direct main"
    description:
      name: screen_brightness
      url: "https://pub.dartlang.org"
    source: hosted
    version: "0.2.2"
  screen_brightness_android:
    dependency: transitive
    description:
      name: screen_brightness_android
      url: "https://pub.dartlang.org"
    source: hosted
    version: "0.1.0"
  screen_brightness_ios:
    dependency: transitive
    description:
      name: screen_brightness_ios
      url: "https://pub.dartlang.org"
    source: hosted
    version: "0.1.0"
  screen_brightness_macos:
    dependency: transitive
    description:
      name: screen_brightness_macos
      url: "https://pub.dartlang.org"
    source: hosted
    version: "0.1.0+1"
  screen_brightness_platform_interface:
    dependency: transitive
    description:
      name: screen_brightness_platform_interface
      url: "https://pub.dartlang.org"
    source: hosted
    version: "0.1.0"
  screen_brightness_windows:
    dependency: transitive
    description:
      name: screen_brightness_windows
      url: "https://pub.dartlang.org"
    source: hosted
    version: "0.1.0"
  shared_preferences:
    dependency: "direct main"
    description:
      name: shared_preferences
      url: "https://pub.dartlang.org"
    source: hosted
    version: "2.0.15"
  shared_preferences_android:
    dependency: transitive
    description:
      name: shared_preferences_android
      url: "https://pub.dartlang.org"
    source: hosted
    version: "2.0.13"
  shared_preferences_ios:
    dependency: transitive
    description:
      name: shared_preferences_ios
      url: "https://pub.dartlang.org"
    source: hosted
    version: "2.1.1"
  shared_preferences_linux:
    dependency: transitive
    description:
      name: shared_preferences_linux
      url: "https://pub.dartlang.org"
    source: hosted
    version: "2.1.1"
  shared_preferences_macos:
    dependency: transitive
    description:
      name: shared_preferences_macos
      url: "https://pub.dartlang.org"
    source: hosted
    version: "2.0.4"
  shared_preferences_platform_interface:
    dependency: transitive
    description:
      name: shared_preferences_platform_interface
      url: "https://pub.dartlang.org"
    source: hosted
    version: "2.1.0"
  shared_preferences_web:
    dependency: transitive
    description:
      name: shared_preferences_web
      url: "https://pub.dartlang.org"
    source: hosted
    version: "2.0.4"
  shared_preferences_windows:
    dependency: transitive
    description:
      name: shared_preferences_windows
      url: "https://pub.dartlang.org"
    source: hosted
    version: "2.1.1"
  shelf:
    dependency: transitive
    description:
      name: shelf
      url: "https://pub.dartlang.org"
    source: hosted
    version: "1.4.0"
  shelf_packages_handler:
    dependency: transitive
    description:
      name: shelf_packages_handler
      url: "https://pub.dartlang.org"
    source: hosted
    version: "3.0.1"
  shelf_static:
    dependency: transitive
    description:
      name: shelf_static
      url: "https://pub.dartlang.org"
    source: hosted
    version: "1.1.1"
  shelf_web_socket:
    dependency: transitive
    description:
      name: shelf_web_socket
      url: "https://pub.dartlang.org"
    source: hosted
    version: "1.0.2"
  sky_engine:
    dependency: transitive
    description: flutter
    source: sdk
    version: "0.0.99"
  smooth_page_indicator:
    dependency: "direct main"
    description:
      name: smooth_page_indicator
      url: "https://pub.dartlang.org"
    source: hosted
    version: "1.0.0+2"
  source_map_stack_trace:
    dependency: transitive
    description:
      name: source_map_stack_trace
      url: "https://pub.dartlang.org"
    source: hosted
    version: "2.1.0"
  source_maps:
    dependency: transitive
    description:
      name: source_maps
      url: "https://pub.dartlang.org"
    source: hosted
    version: "0.10.10"
  source_span:
    dependency: transitive
    description:
      name: source_span
      url: "https://pub.dartlang.org"
    source: hosted
    version: "1.9.0"
  sqflite:
    dependency: "direct main"
    description:
      name: sqflite
      url: "https://pub.dartlang.org"
    source: hosted
    version: "2.1.0"
  sqflite_common:
    dependency: transitive
    description:
      name: sqflite_common
      url: "https://pub.dartlang.org"
    source: hosted
    version: "2.3.0"
  stack_trace:
    dependency: transitive
    description:
      name: stack_trace
      url: "https://pub.dartlang.org"
    source: hosted
    version: "1.10.0"
  stream_channel:
    dependency: transitive
    description:
      name: stream_channel
      url: "https://pub.dartlang.org"
    source: hosted
    version: "2.1.0"
  stream_transform:
    dependency: transitive
    description:
      name: stream_transform
      url: "https://pub.dartlang.org"
    source: hosted
    version: "2.0.0"
  streams_channel:
    dependency: "direct main"
    description:
      path: "."
      ref: HEAD
      resolved-ref: "7e1082771fd271a63ed41cbd72530f90f83a651a"
      url: "https://github.com/deckerst/aves_streams_channel.git"
    source: git
    version: "0.3.0"
  string_scanner:
    dependency: transitive
    description:
      name: string_scanner
      url: "https://pub.dartlang.org"
    source: hosted
    version: "1.1.1"
  sync_http:
    dependency: transitive
    description:
      name: sync_http
      url: "https://pub.dartlang.org"
    source: hosted
    version: "0.3.1"
  synchronized:
    dependency: transitive
    description:
      name: synchronized
      url: "https://pub.dartlang.org"
    source: hosted
    version: "3.0.0+3"
  term_glyph:
    dependency: transitive
    description:
      name: term_glyph
      url: "https://pub.dartlang.org"
    source: hosted
    version: "1.2.1"
  test:
    dependency: "direct dev"
    description:
      name: test
      url: "https://pub.dartlang.org"
    source: hosted
    version: "1.21.4"
  test_api:
    dependency: transitive
    description:
      name: test_api
      url: "https://pub.dartlang.org"
    source: hosted
    version: "0.4.12"
  test_core:
    dependency: transitive
    description:
      name: test_core
      url: "https://pub.dartlang.org"
    source: hosted
    version: "0.4.16"
  transparent_image:
    dependency: "direct main"
    description:
      name: transparent_image
      url: "https://pub.dartlang.org"
    source: hosted
    version: "2.0.0"
  tuple:
    dependency: "direct main"
    description:
      name: tuple
      url: "https://pub.dartlang.org"
    source: hosted
    version: "2.0.0"
  typed_data:
    dependency: transitive
    description:
      name: typed_data
      url: "https://pub.dartlang.org"
    source: hosted
    version: "1.3.1"
  unicode:
    dependency: transitive
    description:
      name: unicode
      url: "https://pub.dartlang.org"
    source: hosted
    version: "0.3.1"
  url_launcher:
    dependency: "direct main"
    description:
      name: url_launcher
      url: "https://pub.dartlang.org"
    source: hosted
    version: "6.1.6"
  url_launcher_android:
    dependency: transitive
    description:
      name: url_launcher_android
      url: "https://pub.dartlang.org"
    source: hosted
    version: "6.0.19"
  url_launcher_ios:
    dependency: transitive
    description:
      name: url_launcher_ios
      url: "https://pub.dartlang.org"
    source: hosted
    version: "6.0.17"
  url_launcher_linux:
    dependency: transitive
    description:
      name: url_launcher_linux
      url: "https://pub.dartlang.org"
    source: hosted
    version: "3.0.1"
  url_launcher_macos:
    dependency: transitive
    description:
      name: url_launcher_macos
      url: "https://pub.dartlang.org"
    source: hosted
    version: "3.0.1"
  url_launcher_platform_interface:
    dependency: transitive
    description:
      name: url_launcher_platform_interface
      url: "https://pub.dartlang.org"
    source: hosted
    version: "2.1.1"
  url_launcher_web:
    dependency: transitive
    description:
      name: url_launcher_web
      url: "https://pub.dartlang.org"
    source: hosted
    version: "2.0.13"
  url_launcher_windows:
    dependency: transitive
    description:
      name: url_launcher_windows
      url: "https://pub.dartlang.org"
    source: hosted
    version: "3.0.1"
  vector_math:
    dependency: transitive
    description:
      name: vector_math
      url: "https://pub.dartlang.org"
    source: hosted
    version: "2.1.2"
  vm_service:
    dependency: transitive
    description:
      name: vm_service
      url: "https://pub.dartlang.org"
    source: hosted
    version: "9.0.0"
  watcher:
    dependency: transitive
    description:
      name: watcher
      url: "https://pub.dartlang.org"
    source: hosted
    version: "1.0.1"
  web_socket_channel:
    dependency: transitive
    description:
      name: web_socket_channel
      url: "https://pub.dartlang.org"
    source: hosted
    version: "2.2.0"
  webdriver:
    dependency: transitive
    description:
      name: webdriver
      url: "https://pub.dartlang.org"
    source: hosted
    version: "3.0.0"
  webkit_inspection_protocol:
    dependency: transitive
    description:
      name: webkit_inspection_protocol
      url: "https://pub.dartlang.org"
    source: hosted
    version: "1.2.0"
  win32:
    dependency: transitive
    description:
      name: win32
      url: "https://pub.dartlang.org"
    source: hosted
    version: "3.0.0"
  wkt_parser:
    dependency: transitive
    description:
      name: wkt_parser
      url: "https://pub.dartlang.org"
    source: hosted
    version: "2.0.0"
  xdg_directories:
    dependency: transitive
    description:
      name: xdg_directories
      url: "https://pub.dartlang.org"
    source: hosted
    version: "0.2.0+2"
  xml:
    dependency: "direct main"
    description:
      name: xml
      url: "https://pub.dartlang.org"
    source: hosted
    version: "6.1.0"
  yaml:
    dependency: transitive
    description:
      name: yaml
      url: "https://pub.dartlang.org"
    source: hosted
    version: "3.1.1"
sdks:
  dart: ">=2.18.0 <3.0.0"
  flutter: ">=3.3.0"
