# Generated by pub
# See https://dart.dev/tools/pub/glossary#lockfile
packages:
  aves_model:
    dependency: "direct main"
    description:
      path: "../aves_model"
      relative: true
    source: path
    version: "0.0.1"
  aves_utils:
    dependency: transitive
    description:
      path: "../aves_utils"
      relative: true
    source: path
    version: "0.0.1"
  aves_video:
    dependency: "direct main"
    description:
      path: "../aves_video"
      relative: true
    source: path
    version: "0.0.1"
  characters:
    dependency: transitive
    description:
      name: characters
      sha256: "04a925763edad70e8443c99234dc3328f442e811f1d8fd1a72f1c8ad0f69a605"
      url: "https://pub.dev"
    source: hosted
    version: "1.3.0"
  collection:
    dependency: transitive
    description:
      name: collection
      sha256: ee67cb0715911d28db6bf4af1026078bd6f0128b07a5f66fb2ed94ec6783c09a
      url: "https://pub.dev"
    source: hosted
    version: "1.18.0"
  equatable:
    dependency: transitive
    description:
      name: equatable
      sha256: c2b87cb7756efdf69892005af546c56c0b5037f54d2a88269b4f347a505e3ca2
      url: "https://pub.dev"
    source: hosted
    version: "2.0.5"
  ffmpeg_kit_flutter:
    dependency: "direct main"
    description:
      path: "flutter/flutter"
      ref: background-lts
      resolved-ref: "3fc7325f89225110b725cfbbb5e2560542a62e2e"
      url: "https://github.com/deckerst/ffmpeg-kit.git"
    source: git
    version: "6.0.3"
  ffmpeg_kit_flutter_platform_interface:
    dependency: transitive
    description:
      name: ffmpeg_kit_flutter_platform_interface
      sha256: addf046ae44e190ad0101b2fde2ad909a3cd08a2a109f6106d2f7048b7abedee
      url: "https://pub.dev"
    source: hosted
    version: "0.2.1"
  flutter:
    dependency: "direct main"
    description: flutter
    source: sdk
    version: "0.0.0"
  flutter_lints:
    dependency: "direct dev"
    description:
      name: flutter_lints
      sha256: "9e8c3858111da373efc5aa341de011d9bd23e2c5c5e0c62bccf32438e192d7b1"
      url: "https://pub.dev"
    source: hosted
    version: "3.0.2"
  lints:
    dependency: transitive
    description:
      name: lints
      sha256: cbf8d4b858bb0134ef3ef87841abdf8d63bfc255c266b7bf6b39daa1085c4290
      url: "https://pub.dev"
    source: hosted
    version: "3.0.0"
  material_color_utilities:
    dependency: transitive
    description:
      name: material_color_utilities
      sha256: "0e0a020085b65b6083975e499759762399b4475f766c21668c4ecca34ea74e5a"
      url: "https://pub.dev"
    source: hosted
    version: "0.8.0"
  meta:
    dependency: transitive
    description:
      name: meta
      sha256: d584fa6707a52763a52446f02cc621b077888fb63b93bbcb1143a7be5a0c0c04
      url: "https://pub.dev"
    source: hosted
    version: "1.11.0"
  plugin_platform_interface:
    dependency: transitive
    description:
      name: plugin_platform_interface
      sha256: "4820fbfdb9478b1ebae27888254d445073732dae3d6ea81f0b7e06d5dedc3f02"
      url: "https://pub.dev"
    source: hosted
    version: "2.1.8"
  sky_engine:
    dependency: transitive
    description: flutter
    source: sdk
    version: "0.0.99"
  vector_math:
    dependency: transitive
    description:
      name: vector_math
      sha256: "80b3257d1492ce4d091729e3a67a60407d227c27241d6927be0130c98e741803"
      url: "https://pub.dev"
    source: hosted
    version: "2.1.4"
sdks:
  dart: ">=3.3.0 <4.0.0"
  flutter: ">=2.0.0"
